
Microsoft Visual Studio Solution File, Format Version 12.00
# Visual Studio Version 16
VisualStudioVersion = 16.0.31410.357
MinimumVisualStudioVersion = 10.0.40219.1
Project("{FAE04EC0-301F-11D3-BF4B-00C04F79EFBC}") = "HomeServices", "HomeServices.csproj", "{B3C77622-6403-4296-AA82-7179F4C66BFC}"
EndProject
Global
	GlobalSection(SolutionConfigurationPlatforms) = preSolution
		Debug|Any CPU = Debug|Any CPU
		Release|Any CPU = Release|Any CPU
	EndGlobalSection
	GlobalSection(ProjectConfigurationPlatforms) = postSolution
		{B3C77622-6403-4296-AA82-7179F4C66BFC}.Debug|Any CPU.ActiveCfg = Debug|Any CPU
		{B3C77622-6403-4296-AA82-7179F4C66BFC}.Debug|Any CPU.Build.0 = Debug|Any CPU
		{B3C77622-6403-4296-AA82-7179F4C66BFC}.Release|Any CPU.ActiveCfg = Release|Any CPU
		{B3C77622-6403-4296-AA82-7179F4C66BFC}.Release|Any CPU.Build.0 = Release|Any CPU
	EndGlobalSection
	GlobalSection(SolutionProperties) = preSolution
		HideSolutionNode = FALSE
	EndGlobalSection
	GlobalSection(ExtensibilityGlobals) = postSolution
		SolutionGuid = {8F8CC549-FC0A-40F0-9259-7BE442EFB678}
	EndGlobalSection
EndGlobal
